
Microsoft Visual Studio Solution File, Format Version 12.00
# Visual Studio 16
Project("{FAE04EC0-301F-11D3-BF4B-00C04F79EFBC}") = "NavMeshComponents", "NavMeshComponents.csproj", "{0F9668FD-BC8F-3CBD-32B3-F8CEC1B263EB}"
EndProject
Project("{FAE04EC0-301F-11D3-BF4B-00C04F79EFBC}") = "Assembly-CSharp", "Assembly-CSharp.csproj", "{55C9F31D-D8A1-6D4C-C294-1EFADA465996}"
EndProject
Project("{FAE04EC0-301F-11D3-BF4B-00C04F79EFBC}") = "NavMeshComponentsEditor", "NavMeshComponentsEditor.csproj", "{C8A33F7D-6707-6F4B-8E24-5CB1FA72C2EF}"
EndProject
Global
	GlobalSection(SolutionConfigurationPlatforms) = preSolution
		Debug|Any CPU = Debug|Any CPU
		Release|Any CPU = Release|Any CPU
	EndGlobalSection
	GlobalSection(ProjectConfigurationPlatforms) = postSolution
		{0F9668FD-BC8F-3CBD-32B3-F8CEC1B263EB}.Debug|Any CPU.ActiveCfg = Debug|Any CPU
		{0F9668FD-BC8F-3CBD-32B3-F8CEC1B263EB}.Debug|Any CPU.Build.0 = Debug|Any CPU
		{0F9668FD-BC8F-3CBD-32B3-F8CEC1B263EB}.Release|Any CPU.ActiveCfg = Release|Any CPU
		{0F9668FD-BC8F-3CBD-32B3-F8CEC1B263EB}.Release|Any CPU.Build.0 = Release|Any CPU
		{55C9F31D-D8A1-6D4C-C294-1EFADA465996}.Debug|Any CPU.ActiveCfg = Debug|Any CPU
		{55C9F31D-D8A1-6D4C-C294-1EFADA465996}.Debug|Any CPU.Build.0 = Debug|Any CPU
		{55C9F31D-D8A1-6D4C-C294-1EFADA465996}.Release|Any CPU.ActiveCfg = Release|Any CPU
		{55C9F31D-D8A1-6D4C-C294-1EFADA465996}.Release|Any CPU.Build.0 = Release|Any CPU
		{C8A33F7D-6707-6F4B-8E24-5CB1FA72C2EF}.Debug|Any CPU.ActiveCfg = Debug|Any CPU
		{C8A33F7D-6707-6F4B-8E24-5CB1FA72C2EF}.Debug|Any CPU.Build.0 = Debug|Any CPU
		{C8A33F7D-6707-6F4B-8E24-5CB1FA72C2EF}.Release|Any CPU.ActiveCfg = Release|Any CPU
		{C8A33F7D-6707-6F4B-8E24-5CB1FA72C2EF}.Release|Any CPU.Build.0 = Release|Any CPU
	EndGlobalSection
	GlobalSection(SolutionProperties) = preSolution
		HideSolutionNode = FALSE
	EndGlobalSection
EndGlobal
